// !$*UTF8*$!
{
	archiveVersion = 1;
	classes = {
	};
	objectVersion = 52;
	objects = {

/* Begin PBXBuildFile section */
		FE0F849726AD67BB001191C3 /* CoreDataManager.swift in Sources */ = {isa = PBXBuildFile; fileRef = FE0F849626AD67BB001191C3 /* CoreDataManager.swift */; };
		FE0F849926AD6B27001191C3 /* MeteorViewModel.swift in Sources */ = {isa = PBXBuildFile; fileRef = FE0F849826AD6B27001191C3 /* MeteorViewModel.swift */; };
		FE10540326AEC9010051B223 /* Fallen_MeteorsTests.swift in Sources */ = {isa = PBXBuildFile; fileRef = FE10540226AEC9010051B223 /* Fallen_MeteorsTests.swift */; };
		FE10540C26AEC9210051B223 /* response.json in Resources */ = {isa = PBXBuildFile; fileRef = FE10540B26AEC9210051B223 /* response.json */; };
		FE10540E26AEC99F0051B223 /* MeteorListViewModelTests.swift in Sources */ = {isa = PBXBuildFile; fileRef = FE10540D26AEC99F0051B223 /* MeteorListViewModelTests.swift */; };
		FE10541226AF04270051B223 /* launch.jpg in Resources */ = {isa = PBXBuildFile; fileRef = FE10541126AF04270051B223 /* launch.jpg */; };
		FE25A2A126A3158B00111D37 /* AppDelegate.swift in Sources */ = {isa = PBXBuildFile; fileRef = FE25A2A026A3158B00111D37 /* AppDelegate.swift */; };
		FE25A2A326A3158B00111D37 /* SceneDelegate.swift in Sources */ = {isa = PBXBuildFile; fileRef = FE25A2A226A3158B00111D37 /* SceneDelegate.swift */; };
		FE25A2A826A3158B00111D37 /* Main.storyboard in Resources */ = {isa = PBXBuildFile; fileRef = FE25A2A626A3158B00111D37 /* Main.storyboard */; };
		FE25A2AA26A3158C00111D37 /* Assets.xcassets in Resources */ = {isa = PBXBuildFile; fileRef = FE25A2A926A3158C00111D37 /* Assets.xcassets */; };
		FE25A2AD26A3158C00111D37 /* LaunchScreen.storyboard in Resources */ = {isa = PBXBuildFile; fileRef = FE25A2AB26A3158C00111D37 /* LaunchScreen.storyboard */; };
		FE25A2BA26A3173800111D37 /* MeteorListViewController.swift in Sources */ = {isa = PBXBuildFile; fileRef = FE25A2B926A3173800111D37 /* MeteorListViewController.swift */; };
		FE26813D26A9F53B00439D0F /* MBProgressHUD in Frameworks */ = {isa = PBXBuildFile; productRef = FE26813C26A9F53B00439D0F /* MBProgressHUD */; };
		FE26813F26AAE3B500439D0F /* Date+Extension.swift in Sources */ = {isa = PBXBuildFile; fileRef = FE26813E26AAE3B500439D0F /* Date+Extension.swift */; };
		FE298FA826A4234200C94D4E /* MeteorRequest.swift in Sources */ = {isa = PBXBuildFile; fileRef = FE298FA726A4234200C94D4E /* MeteorRequest.swift */; };
		FE298FAB26A426B500C94D4E /* Configuration.swift in Sources */ = {isa = PBXBuildFile; fileRef = FE298FAA26A426B500C94D4E /* Configuration.swift */; };
		FE298FAE26A4286800C94D4E /* MeteorListViewModel.swift in Sources */ = {isa = PBXBuildFile; fileRef = FE298FAD26A4286800C94D4E /* MeteorListViewModel.swift */; };
		FE298FB126A42C6B00C94D4E /* Meteor.swift in Sources */ = {isa = PBXBuildFile; fileRef = FE298FB026A42C6B00C94D4E /* Meteor.swift */; };
		FE50076B26A60A68001BC129 /* MeteorCell.swift in Sources */ = {isa = PBXBuildFile; fileRef = FE50076A26A60A68001BC129 /* MeteorCell.swift */; };
		FE50077126A8BB14001BC129 /* String+Extension.swift in Sources */ = {isa = PBXBuildFile; fileRef = FE50077026A8BB14001BC129 /* String+Extension.swift */; };
		FE6CBE7B26AF17840068377B /* MeteorDetailViewModelTests.swift in Sources */ = {isa = PBXBuildFile; fileRef = FE6CBE7A26AF17840068377B /* MeteorDetailViewModelTests.swift */; };
		FE6CBE8426AF32BB0068377B /* MeteorData.xcdatamodeld in Sources */ = {isa = PBXBuildFile; fileRef = FE6CBE8226AF32BB0068377B /* MeteorData.xcdatamodeld */; };
		FEFB965026AC95AF00D49983 /* MeteorDetailViewController.swift in Sources */ = {isa = PBXBuildFile; fileRef = FEFB964F26AC95AF00D49983 /* MeteorDetailViewController.swift */; };
		FEFB965226AC95FA00D49983 /* MeteorDetailViewModel.swift in Sources */ = {isa = PBXBuildFile; fileRef = FEFB965126AC95FA00D49983 /* MeteorDetailViewModel.swift */; };
/* End PBXBuildFile section */

/* Begin PBXContainerItemProxy section */
		FE10540526AEC9010051B223 /* PBXContainerItemProxy */ = {
			isa = PBXContainerItemProxy;
			containerPortal = FE25A29526A3158B00111D37 /* Project object */;
			proxyType = 1;
			remoteGlobalIDString = FE25A29C26A3158B00111D37;
			remoteInfo = "Fallen Meteors";
		};
/* End PBXContainerItemProxy section */

/* Begin PBXFileReference section */
		FE0F849626AD67BB001191C3 /* CoreDataManager.swift */ = {isa = PBXFileReference; lastKnownFileType = sourcecode.swift; path = CoreDataManager.swift; sourceTree = "<group>"; };
		FE0F849826AD6B27001191C3 /* MeteorViewModel.swift */ = {isa = PBXFileReference; lastKnownFileType = sourcecode.swift; path = MeteorViewModel.swift; sourceTree = "<group>"; };
		FE10540026AEC9010051B223 /* Fallen MeteorsTests.xctest */ = {isa = PBXFileReference; explicitFileType = wrapper.cfbundle; includeInIndex = 0; path = "Fallen MeteorsTests.xctest"; sourceTree = BUILT_PRODUCTS_DIR; };
		FE10540226AEC9010051B223 /* Fallen_MeteorsTests.swift */ = {isa = PBXFileReference; lastKnownFileType = sourcecode.swift; path = Fallen_MeteorsTests.swift; sourceTree = "<group>"; };
		FE10540426AEC9010051B223 /* Info.plist */ = {isa = PBXFileReference; lastKnownFileType = text.plist.xml; path = Info.plist; sourceTree = "<group>"; };
		FE10540B26AEC9210051B223 /* response.json */ = {isa = PBXFileReference; fileEncoding = 4; lastKnownFileType = text.json; path = response.json; sourceTree = "<group>"; };
		FE10540D26AEC99F0051B223 /* MeteorListViewModelTests.swift */ = {isa = PBXFileReference; lastKnownFileType = sourcecode.swift; path = MeteorListViewModelTests.swift; sourceTree = "<group>"; };
		FE10541126AF04270051B223 /* launch.jpg */ = {isa = PBXFileReference; lastKnownFileType = image.jpeg; path = launch.jpg; sourceTree = "<group>"; };
		FE25A29D26A3158B00111D37 /* Fallen Meteors.app */ = {isa = PBXFileReference; explicitFileType = wrapper.application; includeInIndex = 0; path = "Fallen Meteors.app"; sourceTree = BUILT_PRODUCTS_DIR; };
		FE25A2A026A3158B00111D37 /* AppDelegate.swift */ = {isa = PBXFileReference; lastKnownFileType = sourcecode.swift; path = AppDelegate.swift; sourceTree = "<group>"; };
		FE25A2A226A3158B00111D37 /* SceneDelegate.swift */ = {isa = PBXFileReference; lastKnownFileType = sourcecode.swift; path = SceneDelegate.swift; sourceTree = "<group>"; };
		FE25A2A726A3158B00111D37 /* Base */ = {isa = PBXFileReference; lastKnownFileType = file.storyboard; name = Base; path = Base.lproj/Main.storyboard; sourceTree = "<group>"; };
		FE25A2A926A3158C00111D37 /* Assets.xcassets */ = {isa = PBXFileReference; lastKnownFileType = folder.assetcatalog; path = Assets.xcassets; sourceTree = "<group>"; };
		FE25A2AC26A3158C00111D37 /* Base */ = {isa = PBXFileReference; lastKnownFileType = file.storyboard; name = Base; path = Base.lproj/LaunchScreen.storyboard; sourceTree = "<group>"; };
		FE25A2AE26A3158C00111D37 /* Info.plist */ = {isa = PBXFileReference; lastKnownFileType = text.plist.xml; path = Info.plist; sourceTree = "<group>"; };
		FE25A2B926A3173800111D37 /* MeteorListViewController.swift */ = {isa = PBXFileReference; lastKnownFileType = sourcecode.swift; path = MeteorListViewController.swift; sourceTree = "<group>"; };
		FE26813E26AAE3B500439D0F /* Date+Extension.swift */ = {isa = PBXFileReference; lastKnownFileType = sourcecode.swift; name = "Date+Extension.swift"; path = "../../../../../Date+Extension.swift"; sourceTree = "<group>"; };
		FE298FA726A4234200C94D4E /* MeteorRequest.swift */ = {isa = PBXFileReference; lastKnownFileType = sourcecode.swift; path = MeteorRequest.swift; sourceTree = "<group>"; };
		FE298FAA26A426B500C94D4E /* Configuration.swift */ = {isa = PBXFileReference; lastKnownFileType = sourcecode.swift; path = Configuration.swift; sourceTree = "<group>"; };
		FE298FAD26A4286800C94D4E /* MeteorListViewModel.swift */ = {isa = PBXFileReference; lastKnownFileType = sourcecode.swift; path = MeteorListViewModel.swift; sourceTree = "<group>"; };
		FE298FB026A42C6B00C94D4E /* Meteor.swift */ = {isa = PBXFileReference; lastKnownFileType = sourcecode.swift; path = Meteor.swift; sourceTree = "<group>"; };
		FE50076A26A60A68001BC129 /* MeteorCell.swift */ = {isa = PBXFileReference; lastKnownFileType = sourcecode.swift; path = MeteorCell.swift; sourceTree = "<group>"; };
		FE50077026A8BB14001BC129 /* String+Extension.swift */ = {isa = PBXFileReference; lastKnownFileType = sourcecode.swift; name = "String+Extension.swift"; path = "../../../../../String+Extension.swift"; sourceTree = "<group>"; };
		FE6CBE7A26AF17840068377B /* MeteorDetailViewModelTests.swift */ = {isa = PBXFileReference; lastKnownFileType = sourcecode.swift; path = MeteorDetailViewModelTests.swift; sourceTree = "<group>"; };
		FE6CBE8326AF32BB0068377B /* MeteorData.xcdatamodel */ = {isa = PBXFileReference; lastKnownFileType = wrapper.xcdatamodel; path = MeteorData.xcdatamodel; sourceTree = "<group>"; };
		FEFB964F26AC95AF00D49983 /* MeteorDetailViewController.swift */ = {isa = PBXFileReference; lastKnownFileType = sourcecode.swift; path = MeteorDetailViewController.swift; sourceTree = "<group>"; };
		FEFB965126AC95FA00D49983 /* MeteorDetailViewModel.swift */ = {isa = PBXFileReference; lastKnownFileType = sourcecode.swift; name = MeteorDetailViewModel.swift; path = ../../../../../MeteorDetailViewModel.swift; sourceTree = "<group>"; };
/* End PBXFileReference section */

/* Begin PBXFrameworksBuildPhase section */
		FE1053FD26AEC9010051B223 /* Frameworks */ = {
			isa = PBXFrameworksBuildPhase;
			buildActionMask = 2147483647;
			files = (
			);
			runOnlyForDeploymentPostprocessing = 0;
		};
		FE25A29A26A3158B00111D37 /* Frameworks */ = {
			isa = PBXFrameworksBuildPhase;
			buildActionMask = 2147483647;
			files = (
				FE26813D26A9F53B00439D0F /* MBProgressHUD in Frameworks */,
			);
			runOnlyForDeploymentPostprocessing = 0;
		};
/* End PBXFrameworksBuildPhase section */

/* Begin PBXGroup section */
		FE10540126AEC9010051B223 /* Fallen MeteorsTests */ = {
			isa = PBXGroup;
			children = (
				FE10540A26AEC9170051B223 /* Stubs */,
				FE10540226AEC9010051B223 /* Fallen_MeteorsTests.swift */,
				FE10540426AEC9010051B223 /* Info.plist */,
				FE10540D26AEC99F0051B223 /* MeteorListViewModelTests.swift */,
				FE6CBE7A26AF17840068377B /* MeteorDetailViewModelTests.swift */,
			);
			path = "Fallen MeteorsTests";
			sourceTree = "<group>";
		};
		FE10540A26AEC9170051B223 /* Stubs */ = {
			isa = PBXGroup;
			children = (
				FE10540B26AEC9210051B223 /* response.json */,
			);
			path = Stubs;
			sourceTree = "<group>";
		};
		FE25A29426A3158B00111D37 = {
			isa = PBXGroup;
			children = (
				FE25A29F26A3158B00111D37 /* Fallen Meteors */,
				FE10540126AEC9010051B223 /* Fallen MeteorsTests */,
				FE25A29E26A3158B00111D37 /* Products */,
			);
			sourceTree = "<group>";
		};
		FE25A29E26A3158B00111D37 /* Products */ = {
			isa = PBXGroup;
			children = (
				FE25A29D26A3158B00111D37 /* Fallen Meteors.app */,
				FE10540026AEC9010051B223 /* Fallen MeteorsTests.xctest */,
			);
			name = Products;
			sourceTree = "<group>";
		};
		FE25A29F26A3158B00111D37 /* Fallen Meteors */ = {
			isa = PBXGroup;
			children = (
				FEFB965326AD5C7800D49983 /* Core Data */,
				FE50076F26A8BAF6001BC129 /* Extensions */,
				FE50076C26A60A6E001BC129 /* Views */,
				FE298FAF26A42C5F00C94D4E /* Models */,
				FE298FAC26A4284D00C94D4E /* View Models */,
				FE298FA926A426A300C94D4E /* Configuration */,
				FE298FA626A4231200C94D4E /* Network */,
				FE25A2B826A315F700111D37 /* Supporting Files */,
				FE25A2B726A315ED00111D37 /* Resources */,
				FE25A2B626A315DC00111D37 /* View Controllers */,
				FE25A2B526A315BC00111D37 /* Storyboards */,
				FE25A2B426A3159300111D37 /* Application Delegate */,
			);
			path = "Fallen Meteors";
			sourceTree = "<group>";
		};
		FE25A2B426A3159300111D37 /* Application Delegate */ = {
			isa = PBXGroup;
			children = (
				FE25A2A026A3158B00111D37 /* AppDelegate.swift */,
				FE25A2A226A3158B00111D37 /* SceneDelegate.swift */,
			);
			path = "Application Delegate";
			sourceTree = "<group>";
		};
		FE25A2B526A315BC00111D37 /* Storyboards */ = {
			isa = PBXGroup;
			children = (
				FE25A2A626A3158B00111D37 /* Main.storyboard */,
				FE25A2AB26A3158C00111D37 /* LaunchScreen.storyboard */,
			);
			path = Storyboards;
			sourceTree = "<group>";
		};
		FE25A2B626A315DC00111D37 /* View Controllers */ = {
			isa = PBXGroup;
			children = (
				FE25A2B926A3173800111D37 /* MeteorListViewController.swift */,
				FEFB964F26AC95AF00D49983 /* MeteorDetailViewController.swift */,
			);
			path = "View Controllers";
			sourceTree = "<group>";
		};
		FE25A2B726A315ED00111D37 /* Resources */ = {
			isa = PBXGroup;
			children = (
				FE10541126AF04270051B223 /* launch.jpg */,
				FE25A2A926A3158C00111D37 /* Assets.xcassets */,
			);
			path = Resources;
			sourceTree = "<group>";
		};
		FE25A2B826A315F700111D37 /* Supporting Files */ = {
			isa = PBXGroup;
			children = (
				FE25A2AE26A3158C00111D37 /* Info.plist */,
			);
			path = "Supporting Files";
			sourceTree = "<group>";
		};
		FE298FA626A4231200C94D4E /* Network */ = {
			isa = PBXGroup;
			children = (
				FE298FA726A4234200C94D4E /* MeteorRequest.swift */,
			);
			path = Network;
			sourceTree = "<group>";
		};
		FE298FA926A426A300C94D4E /* Configuration */ = {
			isa = PBXGroup;
			children = (
				FE298FAA26A426B500C94D4E /* Configuration.swift */,
			);
			path = Configuration;
			sourceTree = "<group>";
		};
		FE298FAC26A4284D00C94D4E /* View Models */ = {
			isa = PBXGroup;
			children = (
				FE298FAD26A4286800C94D4E /* MeteorListViewModel.swift */,
				FEFB965126AC95FA00D49983 /* MeteorDetailViewModel.swift */,
				FE0F849826AD6B27001191C3 /* MeteorViewModel.swift */,
			);
			path = "View Models";
			sourceTree = "<group>";
		};
		FE298FAF26A42C5F00C94D4E /* Models */ = {
			isa = PBXGroup;
			children = (
				FE298FB026A42C6B00C94D4E /* Meteor.swift */,
			);
			path = Models;
			sourceTree = "<group>";
		};
		FE50076C26A60A6E001BC129 /* Views */ = {
			isa = PBXGroup;
			children = (
				FE50076A26A60A68001BC129 /* MeteorCell.swift */,
			);
			path = Views;
			sourceTree = "<group>";
		};
		FE50076F26A8BAF6001BC129 /* Extensions */ = {
			isa = PBXGroup;
			children = (
				FE50077026A8BB14001BC129 /* String+Extension.swift */,
				FE26813E26AAE3B500439D0F /* Date+Extension.swift */,
			);
			path = Extensions;
			sourceTree = "<group>";
		};
		FEFB965326AD5C7800D49983 /* Core Data */ = {
			isa = PBXGroup;
			children = (
				FE6CBE8226AF32BB0068377B /* MeteorData.xcdatamodeld */,
				FE0F849626AD67BB001191C3 /* CoreDataManager.swift */,
			);
			path = "Core Data";
			sourceTree = "<group>";
		};
/* End PBXGroup section */

/* Begin PBXNativeTarget section */
		FE1053FF26AEC9010051B223 /* Fallen MeteorsTests */ = {
			isa = PBXNativeTarget;
			buildConfigurationList = FE10540926AEC9010051B223 /* Build configuration list for PBXNativeTarget "Fallen MeteorsTests" */;
			buildPhases = (
				FE1053FC26AEC9010051B223 /* Sources */,
				FE1053FD26AEC9010051B223 /* Frameworks */,
				FE1053FE26AEC9010051B223 /* Resources */,
			);
			buildRules = (
			);
			dependencies = (
				FE10540626AEC9010051B223 /* PBXTargetDependency */,
			);
			name = "Fallen MeteorsTests";
			productName = "Fallen MeteorsTests";
			productReference = FE10540026AEC9010051B223 /* Fallen MeteorsTests.xctest */;
			productType = "com.apple.product-type.bundle.unit-test";
		};
		FE25A29C26A3158B00111D37 /* Fallen Meteors */ = {
			isa = PBXNativeTarget;
			buildConfigurationList = FE25A2B126A3158C00111D37 /* Build configuration list for PBXNativeTarget "Fallen Meteors" */;
			buildPhases = (
				FE25A29926A3158B00111D37 /* Sources */,
				FE25A29A26A3158B00111D37 /* Frameworks */,
				FE25A29B26A3158B00111D37 /* Resources */,
			);
			buildRules = (
			);
			dependencies = (
			);
			name = "Fallen Meteors";
			packageProductDependencies = (
				FE26813C26A9F53B00439D0F /* MBProgressHUD */,
			);
			productName = "Fallen Meteors";
			productReference = FE25A29D26A3158B00111D37 /* Fallen Meteors.app */;
			productType = "com.apple.product-type.application";
		};
/* End PBXNativeTarget section */

/* Begin PBXProject section */
		FE25A29526A3158B00111D37 /* Project object */ = {
			isa = PBXProject;
			attributes = {
				LastSwiftUpdateCheck = 1250;
				LastUpgradeCheck = 1250;
				TargetAttributes = {
					FE1053FF26AEC9010051B223 = {
						CreatedOnToolsVersion = 12.5.1;
						TestTargetID = FE25A29C26A3158B00111D37;
					};
					FE25A29C26A3158B00111D37 = {
						CreatedOnToolsVersion = 12.5.1;
					};
				};
			};
			buildConfigurationList = FE25A29826A3158B00111D37 /* Build configuration list for PBXProject "Fallen Meteors" */;
			compatibilityVersion = "Xcode 9.3";
			developmentRegion = en;
			hasScannedForEncodings = 0;
			knownRegions = (
				en,
				Base,
			);
			mainGroup = FE25A29426A3158B00111D37;
			packageReferences = (
				FE26813B26A9F53B00439D0F /* XCRemoteSwiftPackageReference "MBProgressHUD" */,
			);
			productRefGroup = FE25A29E26A3158B00111D37 /* Products */;
			projectDirPath = "";
			projectRoot = "";
			targets = (
				FE25A29C26A3158B00111D37 /* Fallen Meteors */,
				FE1053FF26AEC9010051B223 /* Fallen MeteorsTests */,
			);
		};
/* End PBXProject section */

/* Begin PBXResourcesBuildPhase section */
		FE1053FE26AEC9010051B223 /* Resources */ = {
			isa = PBXResourcesBuildPhase;
			buildActionMask = 2147483647;
			files = (
				FE10540C26AEC9210051B223 /* response.json in Resources */,
			);
			runOnlyForDeploymentPostprocessing = 0;
		};
		FE25A29B26A3158B00111D37 /* Resources */ = {
			isa = PBXResourcesBuildPhase;
			buildActionMask = 2147483647;
			files = (
				FE10541226AF04270051B223 /* launch.jpg in Resources */,
				FE25A2AD26A3158C00111D37 /* LaunchScreen.storyboard in Resources */,
				FE25A2AA26A3158C00111D37 /* Assets.xcassets in Resources */,
				FE25A2A826A3158B00111D37 /* Main.storyboard in Resources */,
			);
			runOnlyForDeploymentPostprocessing = 0;
		};
/* End PBXResourcesBuildPhase section */

/* Begin PBXSourcesBuildPhase section */
		FE1053FC26AEC9010051B223 /* Sources */ = {
			isa = PBXSourcesBuildPhase;
			buildActionMask = 2147483647;
			files = (
				FE10540E26AEC99F0051B223 /* MeteorListViewModelTests.swift in Sources */,
				FE10540326AEC9010051B223 /* Fallen_MeteorsTests.swift in Sources */,
				FE6CBE7B26AF17840068377B /* MeteorDetailViewModelTests.swift in Sources */,
			);
			runOnlyForDeploymentPostprocessing = 0;
		};
		FE25A29926A3158B00111D37 /* Sources */ = {
			isa = PBXSourcesBuildPhase;
			buildActionMask = 2147483647;
			files = (
				FE298FAE26A4286800C94D4E /* MeteorListViewModel.swift in Sources */,
				FEFB965226AC95FA00D49983 /* MeteorDetailViewModel.swift in Sources */,
				FE50077126A8BB14001BC129 /* String+Extension.swift in Sources */,
				FE298FB126A42C6B00C94D4E /* Meteor.swift in Sources */,
				FE25A2BA26A3173800111D37 /* MeteorListViewController.swift in Sources */,
				FE298FAB26A426B500C94D4E /* Configuration.swift in Sources */,
				FEFB965026AC95AF00D49983 /* MeteorDetailViewController.swift in Sources */,
				FE6CBE8426AF32BB0068377B /* MeteorData.xcdatamodeld in Sources */,
				FE26813F26AAE3B500439D0F /* Date+Extension.swift in Sources */,
				FE25A2A126A3158B00111D37 /* AppDelegate.swift in Sources */,
				FE0F849926AD6B27001191C3 /* MeteorViewModel.swift in Sources */,
				FE25A2A326A3158B00111D37 /* SceneDelegate.swift in Sources */,
				FE298FA826A4234200C94D4E /* MeteorRequest.swift in Sources */,
				FE0F849726AD67BB001191C3 /* CoreDataManager.swift in Sources */,
				FE50076B26A60A68001BC129 /* MeteorCell.swift in Sources */,
			);
			runOnlyForDeploymentPostprocessing = 0;
		};
/* End PBXSourcesBuildPhase section */

/* Begin PBXTargetDependency section */
		FE10540626AEC9010051B223 /* PBXTargetDependency */ = {
			isa = PBXTargetDependency;
			target = FE25A29C26A3158B00111D37 /* Fallen Meteors */;
			targetProxy = FE10540526AEC9010051B223 /* PBXContainerItemProxy */;
		};
/* End PBXTargetDependency section */

/* Begin PBXVariantGroup section */
		FE25A2A626A3158B00111D37 /* Main.storyboard */ = {
			isa = PBXVariantGroup;
			children = (
				FE25A2A726A3158B00111D37 /* Base */,
			);
			name = Main.storyboard;
			sourceTree = "<group>";
		};
		FE25A2AB26A3158C00111D37 /* LaunchScreen.storyboard */ = {
			isa = PBXVariantGroup;
			children = (
				FE25A2AC26A3158C00111D37 /* Base */,
			);
			name = LaunchScreen.storyboard;
			sourceTree = "<group>";
		};
/* End PBXVariantGroup section */

/* Begin XCBuildConfiguration section */
		FE10540726AEC9010051B223 /* Debug */ = {
			isa = XCBuildConfiguration;
			buildSettings = {
				BUNDLE_LOADER = "$(TEST_HOST)";
				CODE_SIGN_STYLE = Automatic;
				DEVELOPMENT_TEAM = 3KQ63J72GA;
				INFOPLIST_FILE = "Fallen MeteorsTests/Info.plist";
				LD_RUNPATH_SEARCH_PATHS = (
					"$(inherited)",
					"@executable_path/Frameworks",
					"@loader_path/Frameworks",
				);
				PRODUCT_BUNDLE_IDENTIFIER = "com.thoppan.Fallen-MeteorsTests";
				PRODUCT_NAME = "$(TARGET_NAME)";
				SWIFT_VERSION = 5.0;
				TARGETED_DEVICE_FAMILY = "1,2";
				TEST_HOST = "$(BUILT_PRODUCTS_DIR)/Fallen Meteors.app/Fallen Meteors";
			};
			name = Debug;
		};
		FE10540826AEC9010051B223 /* Release */ = {
			isa = XCBuildConfiguration;
			buildSettings = {
				BUNDLE_LOADER = "$(TEST_HOST)";
				CODE_SIGN_STYLE = Automatic;
				DEVELOPMENT_TEAM = 3KQ63J72GA;
				INFOPLIST_FILE = "Fallen MeteorsTests/Info.plist";
				LD_RUNPATH_SEARCH_PATHS = (
					"$(inherited)",
					"@executable_path/Frameworks",
					"@loader_path/Frameworks",
				);
				PRODUCT_BUNDLE_IDENTIFIER = "com.thoppan.Fallen-MeteorsTests";
				PRODUCT_NAME = "$(TARGET_NAME)";
				SWIFT_VERSION = 5.0;
				TARGETED_DEVICE_FAMILY = "1,2";
				TEST_HOST = "$(BUILT_PRODUCTS_DIR)/Fallen Meteors.app/Fallen Meteors";
			};
			name = Release;
		};
		FE25A2AF26A3158C00111D37 /* Debug */ = {
			isa = XCBuildConfiguration;
			buildSettings = {
				ALWAYS_SEARCH_USER_PATHS = NO;
				CLANG_ANALYZER_NONNULL = YES;
				CLANG_ANALYZER_NUMBER_OBJECT_CONVERSION = YES_AGGRESSIVE;
				CLANG_CXX_LANGUAGE_STANDARD = "gnu++14";
				CLANG_CXX_LIBRARY = "libc++";
				CLANG_ENABLE_MODULES = YES;
				CLANG_ENABLE_OBJC_ARC = YES;
				CLANG_ENABLE_OBJC_WEAK = YES;
				CLANG_WARN_BLOCK_CAPTURE_AUTORELEASING = YES;
				CLANG_WARN_BOOL_CONVERSION = YES;
				CLANG_WARN_COMMA = YES;
				CLANG_WARN_CONSTANT_CONVERSION = YES;
				CLANG_WARN_DEPRECATED_OBJC_IMPLEMENTATIONS = YES;
				CLANG_WARN_DIRECT_OBJC_ISA_USAGE = YES_ERROR;
				CLANG_WARN_DOCUMENTATION_COMMENTS = YES;
				CLANG_WARN_EMPTY_BODY = YES;
				CLANG_WARN_ENUM_CONVERSION = YES;
				CLANG_WARN_INFINITE_RECURSION = YES;
				CLANG_WARN_INT_CONVERSION = YES;
				CLANG_WARN_NON_LITERAL_NULL_CONVERSION = YES;
				CLANG_WARN_OBJC_IMPLICIT_RETAIN_SELF = YES;
				CLANG_WARN_OBJC_LITERAL_CONVERSION = YES;
				CLANG_WARN_OBJC_ROOT_CLASS = YES_ERROR;
				CLANG_WARN_QUOTED_INCLUDE_IN_FRAMEWORK_HEADER = YES;
				CLANG_WARN_RANGE_LOOP_ANALYSIS = YES;
				CLANG_WARN_STRICT_PROTOTYPES = YES;
				CLANG_WARN_SUSPICIOUS_MOVE = YES;
				CLANG_WARN_UNGUARDED_AVAILABILITY = YES_AGGRESSIVE;
				CLANG_WARN_UNREACHABLE_CODE = YES;
				CLANG_WARN__DUPLICATE_METHOD_MATCH = YES;
				COPY_PHASE_STRIP = NO;
				DEBUG_INFORMATION_FORMAT = dwarf;
				ENABLE_STRICT_OBJC_MSGSEND = YES;
				ENABLE_TESTABILITY = YES;
				GCC_C_LANGUAGE_STANDARD = gnu11;
				GCC_DYNAMIC_NO_PIC = NO;
				GCC_NO_COMMON_BLOCKS = YES;
				GCC_OPTIMIZATION_LEVEL = 0;
				GCC_PREPROCESSOR_DEFINITIONS = (
					"DEBUG=1",
					"$(inherited)",
				);
				GCC_WARN_64_TO_32_BIT_CONVERSION = YES;
				GCC_WARN_ABOUT_RETURN_TYPE = YES_ERROR;
				GCC_WARN_UNDECLARED_SELECTOR = YES;
				GCC_WARN_UNINITIALIZED_AUTOS = YES_AGGRESSIVE;
				GCC_WARN_UNUSED_FUNCTION = YES;
				GCC_WARN_UNUSED_VARIABLE = YES;
				IPHONEOS_DEPLOYMENT_TARGET = 14.5;
				MTL_ENABLE_DEBUG_INFO = INCLUDE_SOURCE;
				MTL_FAST_MATH = YES;
				ONLY_ACTIVE_ARCH = YES;
				SDKROOT = iphoneos;
				SWIFT_ACTIVE_COMPILATION_CONDITIONS = DEBUG;
				SWIFT_OPTIMIZATION_LEVEL = "-Onone";
			};
			name = Debug;
		};
		FE25A2B026A3158C00111D37 /* Release */ = {
			isa = XCBuildConfiguration;
			buildSettings = {
				ALWAYS_SEARCH_USER_PATHS = NO;
				CLANG_ANALYZER_NONNULL = YES;
				CLANG_ANALYZER_NUMBER_OBJECT_CONVERSION = YES_AGGRESSIVE;
				CLANG_CXX_LANGUAGE_STANDARD = "gnu++14";
				CLANG_CXX_LIBRARY = "libc++";
				CLANG_ENABLE_MODULES = YES;
				CLANG_ENABLE_OBJC_ARC = YES;
				CLANG_ENABLE_OBJC_WEAK = YES;
				CLANG_WARN_BLOCK_CAPTURE_AUTORELEASING = YES;
				CLANG_WARN_BOOL_CONVERSION = YES;
				CLANG_WARN_COMMA = YES;
				CLANG_WARN_CONSTANT_CONVERSION = YES;
				CLANG_WARN_DEPRECATED_OBJC_IMPLEMENTATIONS = YES;
				CLANG_WARN_DIRECT_OBJC_ISA_USAGE = YES_ERROR;
				CLANG_WARN_DOCUMENTATION_COMMENTS = YES;
				CLANG_WARN_EMPTY_BODY = YES;
				CLANG_WARN_ENUM_CONVERSION = YES;
				CLANG_WARN_INFINITE_RECURSION = YES;
				CLANG_WARN_INT_CONVERSION = YES;
				CLANG_WARN_NON_LITERAL_NULL_CONVERSION = YES;
				CLANG_WARN_OBJC_IMPLICIT_RETAIN_SELF = YES;
				CLANG_WARN_OBJC_LITERAL_CONVERSION = YES;
				CLANG_WARN_OBJC_ROOT_CLASS = YES_ERROR;
				CLANG_WARN_QUOTED_INCLUDE_IN_FRAMEWORK_HEADER = YES;
				CLANG_WARN_RANGE_LOOP_ANALYSIS = YES;
				CLANG_WARN_STRICT_PROTOTYPES = YES;
				CLANG_WARN_SUSPICIOUS_MOVE = YES;
				CLANG_WARN_UNGUARDED_AVAILABILITY = YES_AGGRESSIVE;
				CLANG_WARN_UNREACHABLE_CODE = YES;
				CLANG_WARN__DUPLICATE_METHOD_MATCH = YES;
				COPY_PHASE_STRIP = NO;
				DEBUG_INFORMATION_FORMAT = "dwarf-with-dsym";
				ENABLE_NS_ASSERTIONS = NO;
				ENABLE_STRICT_OBJC_MSGSEND = YES;
				GCC_C_LANGUAGE_STANDARD = gnu11;
				GCC_NO_COMMON_BLOCKS = YES;
				GCC_WARN_64_TO_32_BIT_CONVERSION = YES;
				GCC_WARN_ABOUT_RETURN_TYPE = YES_ERROR;
				GCC_WARN_UNDECLARED_SELECTOR = YES;
				GCC_WARN_UNINITIALIZED_AUTOS = YES_AGGRESSIVE;
				GCC_WARN_UNUSED_FUNCTION = YES;
				GCC_WARN_UNUSED_VARIABLE = YES;
				IPHONEOS_DEPLOYMENT_TARGET = 14.5;
				MTL_ENABLE_DEBUG_INFO = NO;
				MTL_FAST_MATH = YES;
				SDKROOT = iphoneos;
				SWIFT_COMPILATION_MODE = wholemodule;
				SWIFT_OPTIMIZATION_LEVEL = "-O";
				VALIDATE_PRODUCT = YES;
			};
			name = Release;
		};
		FE25A2B226A3158C00111D37 /* Debug */ = {
			isa = XCBuildConfiguration;
			buildSettings = {
				ASSETCATALOG_COMPILER_APPICON_NAME = AppIcon;
				ASSETCATALOG_COMPILER_GLOBAL_ACCENT_COLOR_NAME = AccentColor;
				CODE_SIGN_IDENTITY = "Apple Development";
				CODE_SIGN_STYLE = Automatic;
				DEVELOPMENT_TEAM = 6TAXK587Y7;
				INFOPLIST_FILE = "$(SRCROOT)/Fallen Meteors/Supporting Files/Info.plist";
				LD_RUNPATH_SEARCH_PATHS = (
					"$(inherited)",
					"@executable_path/Frameworks",
				);
				PRODUCT_BUNDLE_IDENTIFIER = "com.thoppan.Fallen-Meteors";
				PRODUCT_NAME = "$(TARGET_NAME)";
				PROVISIONING_PROFILE_SPECIFIER = "";
				SWIFT_VERSION = 5.0;
				TARGETED_DEVICE_FAMILY = 1;
			};
			name = Debug;
		};
		FE25A2B326A3158C00111D37 /* Release */ = {
			isa = XCBuildConfiguration;
			buildSettings = {
				ASSETCATALOG_COMPILER_APPICON_NAME = AppIcon;
				ASSETCATALOG_COMPILER_GLOBAL_ACCENT_COLOR_NAME = AccentColor;
				CODE_SIGN_IDENTITY = "Apple Development";
				CODE_SIGN_STYLE = Automatic;
				DEVELOPMENT_TEAM = 6TAXK587Y7;
				INFOPLIST_FILE = "$(SRCROOT)/Fallen Meteors/Supporting Files/Info.plist";
				LD_RUNPATH_SEARCH_PATHS = (
					"$(inherited)",
					"@executable_path/Frameworks",
				);
				PRODUCT_BUNDLE_IDENTIFIER = "com.thoppan.Fallen-Meteors";
				PRODUCT_NAME = "$(TARGET_NAME)";
				PROVISIONING_PROFILE_SPECIFIER = "";
				SWIFT_VERSION = 5.0;
				TARGETED_DEVICE_FAMILY = 1;
			};
			name = Release;
		};
/* End XCBuildConfiguration section */

/* Begin XCConfigurationList section */
		FE10540926AEC9010051B223 /* Build configuration list for PBXNativeTarget "Fallen MeteorsTests" */ = {
			isa = XCConfigurationList;
			buildConfigurations = (
				FE10540726AEC9010051B223 /* Debug */,
				FE10540826AEC9010051B223 /* Release */,
			);
			defaultConfigurationIsVisible = 0;
			defaultConfigurationName = Release;
		};
		FE25A29826A3158B00111D37 /* Build configuration list for PBXProject "Fallen Meteors" */ = {
			isa = XCConfigurationList;
			buildConfigurations = (
				FE25A2AF26A3158C00111D37 /* Debug */,
				FE25A2B026A3158C00111D37 /* Release */,
			);
			defaultConfigurationIsVisible = 0;
			defaultConfigurationName = Release;
		};
		FE25A2B126A3158C00111D37 /* Build configuration list for PBXNativeTarget "Fallen Meteors" */ = {
			isa = XCConfigurationList;
			buildConfigurations = (
				FE25A2B226A3158C00111D37 /* Debug */,
				FE25A2B326A3158C00111D37 /* Release */,
			);
			defaultConfigurationIsVisible = 0;
			defaultConfigurationName = Release;
		};
/* End XCConfigurationList section */

/* Begin XCRemoteSwiftPackageReference section */
		FE26813B26A9F53B00439D0F /* XCRemoteSwiftPackageReference "MBProgressHUD" */ = {
			isa = XCRemoteSwiftPackageReference;
			repositoryURL = "https://github.com/jdg/MBProgressHUD.git";
			requirement = {
				kind = upToNextMajorVersion;
				minimumVersion = 1.2.0;
			};
		};
/* End XCRemoteSwiftPackageReference section */

/* Begin XCSwiftPackageProductDependency section */
		FE26813C26A9F53B00439D0F /* MBProgressHUD */ = {
			isa = XCSwiftPackageProductDependency;
			package = FE26813B26A9F53B00439D0F /* XCRemoteSwiftPackageReference "MBProgressHUD" */;
			productName = MBProgressHUD;
		};
/* End XCSwiftPackageProductDependency section */

/* Begin XCVersionGroup section */
		FE6CBE8226AF32BB0068377B /* MeteorData.xcdatamodeld */ = {
			isa = XCVersionGroup;
			children = (
				FE6CBE8326AF32BB0068377B /* MeteorData.xcdatamodel */,
			);
			currentVersion = FE6CBE8326AF32BB0068377B /* MeteorData.xcdatamodel */;
			path = MeteorData.xcdatamodeld;
			sourceTree = "<group>";
			versionGroupType = wrapper.xcdatamodel;
		};
/* End XCVersionGroup section */
	};
	rootObject = FE25A29526A3158B00111D37 /* Project object */;
}
