// !$*UTF8*$!
{
	archiveVersion = 1;
	classes = {
	};
	objectVersion = 50;
	objects = {

/* Begin PBXBuildFile section */
		FE25A2A126A3158B00111D37 /* AppDelegate.swift in Sources */ = {isa = PBXBuildFile; fileRef = FE25A2A026A3158B00111D37 /* AppDelegate.swift */; };
		FE25A2A326A3158B00111D37 /* SceneDelegate.swift in Sources */ = {isa = PBXBuildFile; fileRef = FE25A2A226A3158B00111D37 /* SceneDelegate.swift */; };
		FE25A2A526A3158B00111D37 /* ViewController.swift in Sources */ = {isa = PBXBuildFile; fileRef = FE25A2A426A3158B00111D37 /* ViewController.swift */; };
		FE25A2A826A3158B00111D37 /* Main.storyboard in Resources */ = {isa = PBXBuildFile; fileRef = FE25A2A626A3158B00111D37 /* Main.storyboard */; };
		FE25A2AA26A3158C00111D37 /* Assets.xcassets in Resources */ = {isa = PBXBuildFile; fileRef = FE25A2A926A3158C00111D37 /* Assets.xcassets */; };
		FE25A2AD26A3158C00111D37 /* LaunchScreen.storyboard in Resources */ = {isa = PBXBuildFile; fileRef = FE25A2AB26A3158C00111D37 /* LaunchScreen.storyboard */; };
/* End PBXBuildFile section */

/* Begin PBXFileReference section */
		FE25A29D26A3158B00111D37 /* Fallen Meteors.app */ = {isa = PBXFileReference; explicitFileType = wrapper.application; includeInIndex = 0; path = "Fallen Meteors.app"; sourceTree = BUILT_PRODUCTS_DIR; };
		FE25A2A026A3158B00111D37 /* AppDelegate.swift */ = {isa = PBXFileReference; lastKnownFileType = sourcecode.swift; path = AppDelegate.swift; sourceTree = "<group>"; };
		FE25A2A226A3158B00111D37 /* SceneDelegate.swift */ = {isa = PBXFileReference; lastKnownFileType = sourcecode.swift; path = SceneDelegate.swift; sourceTree = "<group>"; };
		FE25A2A426A3158B00111D37 /* ViewController.swift */ = {isa = PBXFileReference; lastKnownFileType = sourcecode.swift; path = ViewController.swift; sourceTree = "<group>"; };
		FE25A2A726A3158B00111D37 /* Base */ = {isa = PBXFileReference; lastKnownFileType = file.storyboard; name = Base; path = Base.lproj/Main.storyboard; sourceTree = "<group>"; };
		FE25A2A926A3158C00111D37 /* Assets.xcassets */ = {isa = PBXFileReference; lastKnownFileType = folder.assetcatalog; path = Assets.xcassets; sourceTree = "<group>"; };
		FE25A2AC26A3158C00111D37 /* Base */ = {isa = PBXFileReference; lastKnownFileType = file.storyboard; name = Base; path = Base.lproj/LaunchScreen.storyboard; sourceTree = "<group>"; };
		FE25A2AE26A3158C00111D37 /* Info.plist */ = {isa = PBXFileReference; lastKnownFileType = text.plist.xml; path = Info.plist; sourceTree = "<group>"; };
/* End PBXFileReference section */

/* Begin PBXFrameworksBuildPhase section */
		FE25A29A26A3158B00111D37 /* Frameworks */ = {
			isa = PBXFrameworksBuildPhase;
			buildActionMask = 2147483647;
			files = (
			);
			runOnlyForDeploymentPostprocessing = 0;
		};
/* End PBXFrameworksBuildPhase section */

/* Begin PBXGroup section */
		FE25A29426A3158B00111D37 = {
			isa = PBXGroup;
			children = (
				FE25A29F26A3158B00111D37 /* Fallen Meteors */,
				FE25A29E26A3158B00111D37 /* Products */,
			);
			sourceTree = "<group>";
		};
		FE25A29E26A3158B00111D37 /* Products */ = {
			isa = PBXGroup;
			children = (
				FE25A29D26A3158B00111D37 /* Fallen Meteors.app */,
			);
			name = Products;
			sourceTree = "<group>";
		};
		FE25A29F26A3158B00111D37 /* Fallen Meteors */ = {
			isa = PBXGroup;
			children = (
				FE25A2A026A3158B00111D37 /* AppDelegate.swift */,
				FE25A2A226A3158B00111D37 /* SceneDelegate.swift */,
				FE25A2A426A3158B00111D37 /* ViewController.swift */,
				FE25A2A626A3158B00111D37 /* Main.storyboard */,
				FE25A2A926A3158C00111D37 /* Assets.xcassets */,
				FE25A2AB26A3158C00111D37 /* LaunchScreen.storyboard */,
				FE25A2AE26A3158C00111D37 /* Info.plist */,
			);
			path = "Fallen Meteors";
			sourceTree = "<group>";
		};
/* End PBXGroup section */

/* Begin PBXNativeTarget section */
		FE25A29C26A3158B00111D37 /* Fallen Meteors */ = {
			isa = PBXNativeTarget;
			buildConfigurationList = FE25A2B126A3158C00111D37 /* Build configuration list for PBXNativeTarget "Fallen Meteors" */;
			buildPhases = (
				FE25A29926A3158B00111D37 /* Sources */,
				FE25A29A26A3158B00111D37 /* Frameworks */,
				FE25A29B26A3158B00111D37 /* Resources */,
			);
			buildRules = (
			);
			dependencies = (
			);
			name = "Fallen Meteors";
			productName = "Fallen Meteors";
			productReference = FE25A29D26A3158B00111D37 /* Fallen Meteors.app */;
			productType = "com.apple.product-type.application";
		};
/* End PBXNativeTarget section */

/* Begin PBXProject section */
		FE25A29526A3158B00111D37 /* Project object */ = {
			isa = PBXProject;
			attributes = {
				LastSwiftUpdateCheck = 1250;
				LastUpgradeCheck = 1250;
				TargetAttributes = {
					FE25A29C26A3158B00111D37 = {
						CreatedOnToolsVersion = 12.5.1;
					};
				};
			};
			buildConfigurationList = FE25A29826A3158B00111D37 /* Build configuration list for PBXProject "Fallen Meteors" */;
			compatibilityVersion = "Xcode 9.3";
			developmentRegion = en;
			hasScannedForEncodings = 0;
			knownRegions = (
				en,
				Base,
			);
			mainGroup = FE25A29426A3158B00111D37;
			productRefGroup = FE25A29E26A3158B00111D37 /* Products */;
			projectDirPath = "";
			projectRoot = "";
			targets = (
				FE25A29C26A3158B00111D37 /* Fallen Meteors */,
			);
		};
/* End PBXProject section */

/* Begin PBXResourcesBuildPhase section */
		FE25A29B26A3158B00111D37 /* Resources */ = {
			isa = PBXResourcesBuildPhase;
			buildActionMask = 2147483647;
			files = (
				FE25A2AD26A3158C00111D37 /* LaunchScreen.storyboard in Resources */,
				FE25A2AA26A3158C00111D37 /* Assets.xcassets in Resources */,
				FE25A2A826A3158B00111D37 /* Main.storyboard in Resources */,
			);
			runOnlyForDeploymentPostprocessing = 0;
		};
/* End PBXResourcesBuildPhase section */

/* Begin PBXSourcesBuildPhase section */
		FE25A29926A3158B00111D37 /* Sources */ = {
			isa = PBXSourcesBuildPhase;
			buildActionMask = 2147483647;
			files = (
				FE25A2A526A3158B00111D37 /* ViewController.swift in Sources */,
				FE25A2A126A3158B00111D37 /* AppDelegate.swift in Sources */,
				FE25A2A326A3158B00111D37 /* SceneDelegate.swift in Sources */,
			);
			runOnlyForDeploymentPostprocessing = 0;
		};
/* End PBXSourcesBuildPhase section */

/* Begin PBXVariantGroup section */
		FE25A2A626A3158B00111D37 /* Main.storyboard */ = {
			isa = PBXVariantGroup;
			children = (
				FE25A2A726A3158B00111D37 /* Base */,
			);
			name = Main.storyboard;
			sourceTree = "<group>";
		};
		FE25A2AB26A3158C00111D37 /* LaunchScreen.storyboard */ = {
			isa = PBXVariantGroup;
			children = (
				FE25A2AC26A3158C00111D37 /* Base */,
			);
			name = LaunchScreen.storyboard;
			sourceTree = "<group>";
		};
/* End PBXVariantGroup section */

/* Begin XCBuildConfiguration section */
		FE25A2AF26A3158C00111D37 /* Debug */ = {
			isa = XCBuildConfiguration;
			buildSettings = {
				ALWAYS_SEARCH_USER_PATHS = NO;
				CLANG_ANALYZER_NONNULL = YES;
				CLANG_ANALYZER_NUMBER_OBJECT_CONVERSION = YES_AGGRESSIVE;
				CLANG_CXX_LANGUAGE_STANDARD = "gnu++14";
				CLANG_CXX_LIBRARY = "libc++";
				CLANG_ENABLE_MODULES = YES;
				CLANG_ENABLE_OBJC_ARC = YES;
				CLANG_ENABLE_OBJC_WEAK = YES;
				CLANG_WARN_BLOCK_CAPTURE_AUTORELEASING = YES;
				CLANG_WARN_BOOL_CONVERSION = YES;
				CLANG_WARN_COMMA = YES;
				CLANG_WARN_CONSTANT_CONVERSION = YES;
				CLANG_WARN_DEPRECATED_OBJC_IMPLEMENTATIONS = YES;
				CLANG_WARN_DIRECT_OBJC_ISA_USAGE = YES_ERROR;
				CLANG_WARN_DOCUMENTATION_COMMENTS = YES;
				CLANG_WARN_EMPTY_BODY = YES;
				CLANG_WARN_ENUM_CONVERSION = YES;
				CLANG_WARN_INFINITE_RECURSION = YES;
				CLANG_WARN_INT_CONVERSION = YES;
				CLANG_WARN_NON_LITERAL_NULL_CONVERSION = YES;
				CLANG_WARN_OBJC_IMPLICIT_RETAIN_SELF = YES;
				CLANG_WARN_OBJC_LITERAL_CONVERSION = YES;
				CLANG_WARN_OBJC_ROOT_CLASS = YES_ERROR;
				CLANG_WARN_QUOTED_INCLUDE_IN_FRAMEWORK_HEADER = YES;
				CLANG_WARN_RANGE_LOOP_ANALYSIS = YES;
				CLANG_WARN_STRICT_PROTOTYPES = YES;
				CLANG_WARN_SUSPICIOUS_MOVE = YES;
				CLANG_WARN_UNGUARDED_AVAILABILITY = YES_AGGRESSIVE;
				CLANG_WARN_UNREACHABLE_CODE = YES;
				CLANG_WARN__DUPLICATE_METHOD_MATCH = YES;
				COPY_PHASE_STRIP = NO;
				DEBUG_INFORMATION_FORMAT = dwarf;
				ENABLE_STRICT_OBJC_MSGSEND = YES;
				ENABLE_TESTABILITY = YES;
				GCC_C_LANGUAGE_STANDARD = gnu11;
				GCC_DYNAMIC_NO_PIC = NO;
				GCC_NO_COMMON_BLOCKS = YES;
				GCC_OPTIMIZATION_LEVEL = 0;
				GCC_PREPROCESSOR_DEFINITIONS = (
					"DEBUG=1",
					"$(inherited)",
				);
				GCC_WARN_64_TO_32_BIT_CONVERSION = YES;
				GCC_WARN_ABOUT_RETURN_TYPE = YES_ERROR;
				GCC_WARN_UNDECLARED_SELECTOR = YES;
				GCC_WARN_UNINITIALIZED_AUTOS = YES_AGGRESSIVE;
				GCC_WARN_UNUSED_FUNCTION = YES;
				GCC_WARN_UNUSED_VARIABLE = YES;
				IPHONEOS_DEPLOYMENT_TARGET = 14.5;
				MTL_ENABLE_DEBUG_INFO = INCLUDE_SOURCE;
				MTL_FAST_MATH = YES;
				ONLY_ACTIVE_ARCH = YES;
				SDKROOT = iphoneos;
				SWIFT_ACTIVE_COMPILATION_CONDITIONS = DEBUG;
				SWIFT_OPTIMIZATION_LEVEL = "-Onone";
			};
			name = Debug;
		};
		FE25A2B026A3158C00111D37 /* Release */ = {
			isa = XCBuildConfiguration;
			buildSettings = {
				ALWAYS_SEARCH_USER_PATHS = NO;
				CLANG_ANALYZER_NONNULL = YES;
				CLANG_ANALYZER_NUMBER_OBJECT_CONVERSION = YES_AGGRESSIVE;
				CLANG_CXX_LANGUAGE_STANDARD = "gnu++14";
				CLANG_CXX_LIBRARY = "libc++";
				CLANG_ENABLE_MODULES = YES;
				CLANG_ENABLE_OBJC_ARC = YES;
				CLANG_ENABLE_OBJC_WEAK = YES;
				CLANG_WARN_BLOCK_CAPTURE_AUTORELEASING = YES;
				CLANG_WARN_BOOL_CONVERSION = YES;
				CLANG_WARN_COMMA = YES;
				CLANG_WARN_CONSTANT_CONVERSION = YES;
				CLANG_WARN_DEPRECATED_OBJC_IMPLEMENTATIONS = YES;
				CLANG_WARN_DIRECT_OBJC_ISA_USAGE = YES_ERROR;
				CLANG_WARN_DOCUMENTATION_COMMENTS = YES;
				CLANG_WARN_EMPTY_BODY = YES;
				CLANG_WARN_ENUM_CONVERSION = YES;
				CLANG_WARN_INFINITE_RECURSION = YES;
				CLANG_WARN_INT_CONVERSION = YES;
				CLANG_WARN_NON_LITERAL_NULL_CONVERSION = YES;
				CLANG_WARN_OBJC_IMPLICIT_RETAIN_SELF = YES;
				CLANG_WARN_OBJC_LITERAL_CONVERSION = YES;
				CLANG_WARN_OBJC_ROOT_CLASS = YES_ERROR;
				CLANG_WARN_QUOTED_INCLUDE_IN_FRAMEWORK_HEADER = YES;
				CLANG_WARN_RANGE_LOOP_ANALYSIS = YES;
				CLANG_WARN_STRICT_PROTOTYPES = YES;
				CLANG_WARN_SUSPICIOUS_MOVE = YES;
				CLANG_WARN_UNGUARDED_AVAILABILITY = YES_AGGRESSIVE;
				CLANG_WARN_UNREACHABLE_CODE = YES;
				CLANG_WARN__DUPLICATE_METHOD_MATCH = YES;
				COPY_PHASE_STRIP = NO;
				DEBUG_INFORMATION_FORMAT = "dwarf-with-dsym";
				ENABLE_NS_ASSERTIONS = NO;
				ENABLE_STRICT_OBJC_MSGSEND = YES;
				GCC_C_LANGUAGE_STANDARD = gnu11;
				GCC_NO_COMMON_BLOCKS = YES;
				GCC_WARN_64_TO_32_BIT_CONVERSION = YES;
				GCC_WARN_ABOUT_RETURN_TYPE = YES_ERROR;
				GCC_WARN_UNDECLARED_SELECTOR = YES;
				GCC_WARN_UNINITIALIZED_AUTOS = YES_AGGRESSIVE;
				GCC_WARN_UNUSED_FUNCTION = YES;
				GCC_WARN_UNUSED_VARIABLE = YES;
				IPHONEOS_DEPLOYMENT_TARGET = 14.5;
				MTL_ENABLE_DEBUG_INFO = NO;
				MTL_FAST_MATH = YES;
				SDKROOT = iphoneos;
				SWIFT_COMPILATION_MODE = wholemodule;
				SWIFT_OPTIMIZATION_LEVEL = "-O";
				VALIDATE_PRODUCT = YES;
			};
			name = Release;
		};
		FE25A2B226A3158C00111D37 /* Debug */ = {
			isa = XCBuildConfiguration;
			buildSettings = {
				ASSETCATALOG_COMPILER_APPICON_NAME = AppIcon;
				ASSETCATALOG_COMPILER_GLOBAL_ACCENT_COLOR_NAME = AccentColor;
				CODE_SIGN_STYLE = Automatic;
				DEVELOPMENT_TEAM = 3KQ63J72GA;
				INFOPLIST_FILE = "Fallen Meteors/Info.plist";
				LD_RUNPATH_SEARCH_PATHS = (
					"$(inherited)",
					"@executable_path/Frameworks",
				);
				PRODUCT_BUNDLE_IDENTIFIER = "com.thoppan.Fallen-Meteors";
				PRODUCT_NAME = "$(TARGET_NAME)";
				SWIFT_VERSION = 5.0;
				TARGETED_DEVICE_FAMILY = "1,2";
			};
			name = Debug;
		};
		FE25A2B326A3158C00111D37 /* Release */ = {
			isa = XCBuildConfiguration;
			buildSettings = {
				ASSETCATALOG_COMPILER_APPICON_NAME = AppIcon;
				ASSETCATALOG_COMPILER_GLOBAL_ACCENT_COLOR_NAME = AccentColor;
				CODE_SIGN_STYLE = Automatic;
				DEVELOPMENT_TEAM = 3KQ63J72GA;
				INFOPLIST_FILE = "Fallen Meteors/Info.plist";
				LD_RUNPATH_SEARCH_PATHS = (
					"$(inherited)",
					"@executable_path/Frameworks",
				);
				PRODUCT_BUNDLE_IDENTIFIER = "com.thoppan.Fallen-Meteors";
				PRODUCT_NAME = "$(TARGET_NAME)";
				SWIFT_VERSION = 5.0;
				TARGETED_DEVICE_FAMILY = "1,2";
			};
			name = Release;
		};
/* End XCBuildConfiguration section */

/* Begin XCConfigurationList section */
		FE25A29826A3158B00111D37 /* Build configuration list for PBXProject "Fallen Meteors" */ = {
			isa = XCConfigurationList;
			buildConfigurations = (
				FE25A2AF26A3158C00111D37 /* Debug */,
				FE25A2B026A3158C00111D37 /* Release */,
			);
			defaultConfigurationIsVisible = 0;
			defaultConfigurationName = Release;
		};
		FE25A2B126A3158C00111D37 /* Build configuration list for PBXNativeTarget "Fallen Meteors" */ = {
			isa = XCConfigurationList;
			buildConfigurations = (
				FE25A2B226A3158C00111D37 /* Debug */,
				FE25A2B326A3158C00111D37 /* Release */,
			);
			defaultConfigurationIsVisible = 0;
			defaultConfigurationName = Release;
		};
/* End XCConfigurationList section */
	};
	rootObject = FE25A29526A3158B00111D37 /* Project object */;
}
